
Microsoft Visual Studio Solution File, Format Version 12.00
# Visual Studio Version 17
VisualStudioVersion = 17.14.36310.24 d17.14
MinimumVisualStudioVersion = 10.0.40219.1
Project("{FAE04EC0-301F-11D3-BF4B-00C04F79EFBC}") = "Task 4-2", "Task 4-2\Task 4-2.csproj", "{A13F0357-DA05-44B2-9D8E-D9624D7220AA}"
EndProject
Global
	GlobalSection(SolutionConfigurationPlatforms) = preSolution
		Debug|Any CPU = Debug|Any CPU
		Release|Any CPU = Release|Any CPU
	EndGlobalSection
	GlobalSection(ProjectConfigurationPlatforms) = postSolution
		{A13F0357-DA05-44B2-9D8E-D9624D7220AA}.Debug|Any CPU.ActiveCfg = Debug|Any CPU
		{A13F0357-DA05-44B2-9D8E-D9624D7220AA}.Debug|Any CPU.Build.0 = Debug|Any CPU
		{A13F0357-DA05-44B2-9D8E-D9624D7220AA}.Release|Any CPU.ActiveCfg = Release|Any CPU
		{A13F0357-DA05-44B2-9D8E-D9624D7220AA}.Release|Any CPU.Build.0 = Release|Any CPU
	EndGlobalSection
	GlobalSection(SolutionProperties) = preSolution
		HideSolutionNode = FALSE
	EndGlobalSection
	GlobalSection(ExtensibilityGlobals) = postSolution
		SolutionGuid = {8E473947-9AC0-490D-9194-0991C85CBF73}
	EndGlobalSection
EndGlobal
